
Microsoft Visual Studio Solution File, Format Version 12.00
# Visual Studio Version 17
VisualStudioVersion = 17.6.33829.357
MinimumVisualStudioVersion = 10.0.40219.1
Project("{FAE04EC0-301F-11D3-BF4B-00C04F79EFBC}") = "CardsApi", "CardsApi\CardsApi.csproj", "{94F3EBFE-D974-4A46-B606-CECCC2B96CA0}"
EndProject
Global
	GlobalSection(SolutionConfigurationPlatforms) = preSolution
		Debug|Any CPU = Debug|Any CPU
		Release|Any CPU = Release|Any CPU
	EndGlobalSection
	GlobalSection(ProjectConfigurationPlatforms) = postSolution
		{94F3EBFE-D974-4A46-B606-CECCC2B96CA0}.Debug|Any CPU.ActiveCfg = Debug|Any CPU
		{94F3EBFE-D974-4A46-B606-CECCC2B96CA0}.Debug|Any CPU.Build.0 = Debug|Any CPU
		{94F3EBFE-D974-4A46-B606-CECCC2B96CA0}.Release|Any CPU.ActiveCfg = Release|Any CPU
		{94F3EBFE-D974-4A46-B606-CECCC2B96CA0}.Release|Any CPU.Build.0 = Release|Any CPU
	EndGlobalSection
	GlobalSection(SolutionProperties) = preSolution
		HideSolutionNode = FALSE
	EndGlobalSection
	GlobalSection(ExtensibilityGlobals) = postSolution
		SolutionGuid = {566AE49C-E235-4757-AFA1-3AB4341A8468}
	EndGlobalSection
EndGlobal
